
Microsoft Visual Studio Solution File, Format Version 12.00
# Visual Studio 15
VisualStudioVersion = 15.0.28010.2050
MinimumVisualStudioVersion = 10.0.40219.1
Project("{FAE04EC0-301F-11D3-BF4B-00C04F79EFBC}") = "TestCode", "TestCode\TestCode.csproj", "{0CCCAB91-EDF7-4CBF-91BD-74478EB1DC5A}"
EndProject
Global
	GlobalSection(SolutionConfigurationPlatforms) = preSolution
		Debug|Any CPU = Debug|Any CPU
		Release|Any CPU = Release|Any CPU
	EndGlobalSection
	GlobalSection(ProjectConfigurationPlatforms) = postSolution
		{0CCCAB91-EDF7-4CBF-91BD-74478EB1DC5A}.Debug|Any CPU.ActiveCfg = Debug|Any CPU
		{0CCCAB91-EDF7-4CBF-91BD-74478EB1DC5A}.Debug|Any CPU.Build.0 = Debug|Any CPU
		{0CCCAB91-EDF7-4CBF-91BD-74478EB1DC5A}.Release|Any CPU.ActiveCfg = Release|Any CPU
		{0CCCAB91-EDF7-4CBF-91BD-74478EB1DC5A}.Release|Any CPU.Build.0 = Release|Any CPU
	EndGlobalSection
	GlobalSection(SolutionProperties) = preSolution
		HideSolutionNode = FALSE
	EndGlobalSection
	GlobalSection(ExtensibilityGlobals) = postSolution
		SolutionGuid = {89FBA287-C6F3-4327-BF07-3AA945B82A12}
	EndGlobalSection
EndGlobal
